
Microsoft Visual Studio Solution File, Format Version 12.00
# Visual Studio Version 16
VisualStudioVersion = 16.0.30907.101
MinimumVisualStudioVersion = 10.0.40219.1
Project("{2150E333-8FDC-42A3-9474-1A3956D46DE8}") = "Services", "Services", "{2DE6EA5E-B3FD-4819-8A48-4D8E4DF5EE53}"
EndProject
Project("{2150E333-8FDC-42A3-9474-1A3956D46DE8}") = "Catalog", "Catalog", "{019A07C4-750E-4F09-9685-AD25579FD616}"
EndProject
Project("{9A19103F-16F7-4668-BE54-9A1E7A4F7556}") = "Catalog.Api", "Services\Catalog\Catalog.Api\Catalog.Api.csproj", "{062A0402-4EC9-478B-B814-3DA522BA3088}"
EndProject
Project("{E53339B2-1760-4266-BCC7-CA923CBCF16C}") = "docker-compose", "docker-compose.dcproj", "{E8407D47-2C21-4D1F-B64E-5C870F5A26A8}"
EndProject
Project("{2150E333-8FDC-42A3-9474-1A3956D46DE8}") = "ApiGateways", "ApiGateways", "{05E77215-1781-4B87-BFDB-211199F59CBD}"
EndProject
Project("{9A19103F-16F7-4668-BE54-9A1E7A4F7556}") = "OcelotApiGateway", "ApiGateways\OcelotApiGateway\OcelotApiGateway.csproj", "{DDF5A13F-748E-4FEC-A917-EAAC92D89AA2}"
EndProject
Project("{2150E333-8FDC-42A3-9474-1A3956D46DE8}") = "Basket", "Basket", "{32680F4E-F748-4206-89B8-C4AC072F512D}"
EndProject
Project("{FAE04EC0-301F-11D3-BF4B-00C04F79EFBC}") = "Basket.Api", "Services\Basket\Basket.Api\Basket.Api.csproj", "{3DCA419A-4467-44B5-A6D2-994E546D0262}"
EndProject
Global
	GlobalSection(SolutionConfigurationPlatforms) = preSolution
		Debug|Any CPU = Debug|Any CPU
		Release|Any CPU = Release|Any CPU
	EndGlobalSection
	GlobalSection(ProjectConfigurationPlatforms) = postSolution
		{062A0402-4EC9-478B-B814-3DA522BA3088}.Debug|Any CPU.ActiveCfg = Debug|Any CPU
		{062A0402-4EC9-478B-B814-3DA522BA3088}.Debug|Any CPU.Build.0 = Debug|Any CPU
		{062A0402-4EC9-478B-B814-3DA522BA3088}.Release|Any CPU.ActiveCfg = Release|Any CPU
		{062A0402-4EC9-478B-B814-3DA522BA3088}.Release|Any CPU.Build.0 = Release|Any CPU
		{E8407D47-2C21-4D1F-B64E-5C870F5A26A8}.Debug|Any CPU.ActiveCfg = Debug|Any CPU
		{E8407D47-2C21-4D1F-B64E-5C870F5A26A8}.Debug|Any CPU.Build.0 = Debug|Any CPU
		{E8407D47-2C21-4D1F-B64E-5C870F5A26A8}.Release|Any CPU.ActiveCfg = Release|Any CPU
		{E8407D47-2C21-4D1F-B64E-5C870F5A26A8}.Release|Any CPU.Build.0 = Release|Any CPU
		{DDF5A13F-748E-4FEC-A917-EAAC92D89AA2}.Debug|Any CPU.ActiveCfg = Debug|Any CPU
		{DDF5A13F-748E-4FEC-A917-EAAC92D89AA2}.Debug|Any CPU.Build.0 = Debug|Any CPU
		{DDF5A13F-748E-4FEC-A917-EAAC92D89AA2}.Release|Any CPU.ActiveCfg = Release|Any CPU
		{DDF5A13F-748E-4FEC-A917-EAAC92D89AA2}.Release|Any CPU.Build.0 = Release|Any CPU
		{3DCA419A-4467-44B5-A6D2-994E546D0262}.Debug|Any CPU.ActiveCfg = Debug|Any CPU
		{3DCA419A-4467-44B5-A6D2-994E546D0262}.Debug|Any CPU.Build.0 = Debug|Any CPU
		{3DCA419A-4467-44B5-A6D2-994E546D0262}.Release|Any CPU.ActiveCfg = Release|Any CPU
		{3DCA419A-4467-44B5-A6D2-994E546D0262}.Release|Any CPU.Build.0 = Release|Any CPU
	EndGlobalSection
	GlobalSection(SolutionProperties) = preSolution
		HideSolutionNode = FALSE
	EndGlobalSection
	GlobalSection(NestedProjects) = preSolution
		{019A07C4-750E-4F09-9685-AD25579FD616} = {2DE6EA5E-B3FD-4819-8A48-4D8E4DF5EE53}
		{062A0402-4EC9-478B-B814-3DA522BA3088} = {019A07C4-750E-4F09-9685-AD25579FD616}
		{DDF5A13F-748E-4FEC-A917-EAAC92D89AA2} = {05E77215-1781-4B87-BFDB-211199F59CBD}
		{32680F4E-F748-4206-89B8-C4AC072F512D} = {2DE6EA5E-B3FD-4819-8A48-4D8E4DF5EE53}
		{3DCA419A-4467-44B5-A6D2-994E546D0262} = {32680F4E-F748-4206-89B8-C4AC072F512D}
	EndGlobalSection
	GlobalSection(ExtensibilityGlobals) = postSolution
		SolutionGuid = {A8C96382-119E-417B-BFA0-3F32681CE928}
	EndGlobalSection
EndGlobal
